
Microsoft Visual Studio Solution File, Format Version 12.00
# Visual Studio 14
VisualStudioVersion = 14.0.25420.1
MinimumVisualStudioVersion = 10.0.40219.1
Project("{FAE04EC0-301F-11D3-BF4B-00C04F79EFBC}") = "IassetTechnicalTest.Api", "IassetTechnicalTest.Api\IassetTechnicalTest.Api.csproj", "{F114DA40-CFA6-46D7-B692-1BEE4040B35E}"
EndProject
Project("{FAE04EC0-301F-11D3-BF4B-00C04F79EFBC}") = "IassetTechnicalTest.Test", "IassetTechnicalTest.Test\IassetTechnicalTest.Test.csproj", "{898DA207-51F7-4283-ACF4-27654FCB269E}"
EndProject
Project("{E24C65DC-7377-472B-9ABA-BC803B73C61A}") = "IassetTechnicalTest.Web(1)", "WebSites\IassetTechnicalTest.Web\", "{D0D554DA-9E08-4C81-AEED-537D48C0A3B7}"
	ProjectSection(WebsiteProperties) = preProject
		TargetFrameworkMoniker = ".NETFramework,Version%3Dv4.5.2"
		Debug.AspNetCompiler.VirtualPath = "/localhost_59270"
		Debug.AspNetCompiler.PhysicalPath = "WebSites\IassetTechnicalTest.Web\"
		Debug.AspNetCompiler.TargetPath = "PrecompiledWeb\localhost_59270\"
		Debug.AspNetCompiler.Updateable = "true"
		Debug.AspNetCompiler.ForceOverwrite = "true"
		Debug.AspNetCompiler.FixedNames = "false"
		Debug.AspNetCompiler.Debug = "True"
		Release.AspNetCompiler.VirtualPath = "/localhost_59270"
		Release.AspNetCompiler.PhysicalPath = "WebSites\IassetTechnicalTest.Web\"
		Release.AspNetCompiler.TargetPath = "PrecompiledWeb\localhost_59270\"
		Release.AspNetCompiler.Updateable = "true"
		Release.AspNetCompiler.ForceOverwrite = "true"
		Release.AspNetCompiler.FixedNames = "false"
		Release.AspNetCompiler.Debug = "False"
		VWDPort = "59270"
		SlnRelativePath = "WebSites\IassetTechnicalTest.Web\"
	EndProjectSection
EndProject
Global
	GlobalSection(SolutionConfigurationPlatforms) = preSolution
		Debug|Any CPU = Debug|Any CPU
		Release|Any CPU = Release|Any CPU
	EndGlobalSection
	GlobalSection(ProjectConfigurationPlatforms) = postSolution
		{F114DA40-CFA6-46D7-B692-1BEE4040B35E}.Debug|Any CPU.ActiveCfg = Debug|Any CPU
		{F114DA40-CFA6-46D7-B692-1BEE4040B35E}.Debug|Any CPU.Build.0 = Debug|Any CPU
		{F114DA40-CFA6-46D7-B692-1BEE4040B35E}.Release|Any CPU.ActiveCfg = Release|Any CPU
		{F114DA40-CFA6-46D7-B692-1BEE4040B35E}.Release|Any CPU.Build.0 = Release|Any CPU
		{898DA207-51F7-4283-ACF4-27654FCB269E}.Debug|Any CPU.ActiveCfg = Debug|Any CPU
		{898DA207-51F7-4283-ACF4-27654FCB269E}.Debug|Any CPU.Build.0 = Debug|Any CPU
		{898DA207-51F7-4283-ACF4-27654FCB269E}.Release|Any CPU.ActiveCfg = Release|Any CPU
		{898DA207-51F7-4283-ACF4-27654FCB269E}.Release|Any CPU.Build.0 = Release|Any CPU
		{D0D554DA-9E08-4C81-AEED-537D48C0A3B7}.Debug|Any CPU.ActiveCfg = Debug|Any CPU
		{D0D554DA-9E08-4C81-AEED-537D48C0A3B7}.Debug|Any CPU.Build.0 = Debug|Any CPU
		{D0D554DA-9E08-4C81-AEED-537D48C0A3B7}.Release|Any CPU.ActiveCfg = Debug|Any CPU
		{D0D554DA-9E08-4C81-AEED-537D48C0A3B7}.Release|Any CPU.Build.0 = Debug|Any CPU
	EndGlobalSection
	GlobalSection(SolutionProperties) = preSolution
		HideSolutionNode = FALSE
	EndGlobalSection
EndGlobal
